// !$*UTF8*$!
{
	archiveVersion = 1;
	classes = {
	};
	objectVersion = 46;
	objects = {

/* Begin PBXBuildFile section */
		2C305E753E9597998F121CCB /* Pods_StorePOS.framework in Frameworks */ = {isa = PBXBuildFile; fileRef = 797A355EB0C0DFE6D3F9D526 /* Pods_StorePOS.framework */; };
		3159785C1C438CE20024D6B2 /* OrderTextField.m in Sources */ = {isa = PBXBuildFile; fileRef = 3159785B1C438CE20024D6B2 /* OrderTextField.m */; };
		3159785D1C438CE20024D6B2 /* OrderTextField.m in Sources */ = {isa = PBXBuildFile; fileRef = 3159785B1C438CE20024D6B2 /* OrderTextField.m */; };
		316575A81C3F54FF0097EE32 /* main.m in Sources */ = {isa = PBXBuildFile; fileRef = 316575A71C3F54FF0097EE32 /* main.m */; };
		316575AB1C3F54FF0097EE32 /* AppDelegate.m in Sources */ = {isa = PBXBuildFile; fileRef = 316575AA1C3F54FF0097EE32 /* AppDelegate.m */; };
		316575B11C3F54FF0097EE32 /* Main.storyboard in Resources */ = {isa = PBXBuildFile; fileRef = 316575AF1C3F54FF0097EE32 /* Main.storyboard */; };
		316575B31C3F54FF0097EE32 /* Assets.xcassets in Resources */ = {isa = PBXBuildFile; fileRef = 316575B21C3F54FF0097EE32 /* Assets.xcassets */; };
		316575B61C3F54FF0097EE32 /* LaunchScreen.storyboard in Resources */ = {isa = PBXBuildFile; fileRef = 316575B41C3F54FF0097EE32 /* LaunchScreen.storyboard */; };
		316575CC1C3F54FF0097EE32 /* StorePOSUITests.m in Sources */ = {isa = PBXBuildFile; fileRef = 316575CB1C3F54FF0097EE32 /* StorePOSUITests.m */; };
		316575DC1C3F5CAA0097EE32 /* Order.m in Sources */ = {isa = PBXBuildFile; fileRef = 316575DB1C3F5CAA0097EE32 /* Order.m */; };
		316575E11C3F5E5F0097EE32 /* OrderService.m in Sources */ = {isa = PBXBuildFile; fileRef = 316575E01C3F5E5F0097EE32 /* OrderService.m */; };
		316575E31C3F62970097EE32 /* OrderServiceSpec.m in Sources */ = {isa = PBXBuildFile; fileRef = 316575E21C3F62970097EE32 /* OrderServiceSpec.m */; };
		316575E61C3FB2DC0097EE32 /* DBService.m in Sources */ = {isa = PBXBuildFile; fileRef = 316575E51C3FB2DC0097EE32 /* DBService.m */; };
		316575E91C3FB5280097EE32 /* OrderStore.m in Sources */ = {isa = PBXBuildFile; fileRef = 316575E81C3FB5280097EE32 /* OrderStore.m */; };
		316575EB1C3FB7B00097EE32 /* DBServiceSpec.m in Sources */ = {isa = PBXBuildFile; fileRef = 316575EA1C3FB7B00097EE32 /* DBServiceSpec.m */; };
		9FA181801AA2DCBCF2F29BCB /* Pods_StorePOSTests.framework in Frameworks */ = {isa = PBXBuildFile; fileRef = 7C6EF8975B3E83835904C185 /* Pods_StorePOSTests.framework */; };
		F80EDD3A1C4129CD00D13C69 /* DBService.m in Sources */ = {isa = PBXBuildFile; fileRef = 316575E51C3FB2DC0097EE32 /* DBService.m */; };
		F80EDD3B1C4129CD00D13C69 /* OrderService.m in Sources */ = {isa = PBXBuildFile; fileRef = 316575E01C3F5E5F0097EE32 /* OrderService.m */; };
		F80EDD3C1C4129CD00D13C69 /* OrderStore.m in Sources */ = {isa = PBXBuildFile; fileRef = 316575E81C3FB5280097EE32 /* OrderStore.m */; };
		F80EDD3D1C4129CD00D13C69 /* AppDelegate.m in Sources */ = {isa = PBXBuildFile; fileRef = 316575AA1C3F54FF0097EE32 /* AppDelegate.m */; };
		F80EDD3E1C4129CD00D13C69 /* Order.m in Sources */ = {isa = PBXBuildFile; fileRef = 316575DB1C3F5CAA0097EE32 /* Order.m */; };
		F80EDD401C4129CD00D13C69 /* main.m in Sources */ = {isa = PBXBuildFile; fileRef = 316575A71C3F54FF0097EE32 /* main.m */; };
		F80EDD421C4129CD00D13C69 /* Pods_StorePOS.framework in Frameworks */ = {isa = PBXBuildFile; fileRef = 797A355EB0C0DFE6D3F9D526 /* Pods_StorePOS.framework */; };
		F80EDD441C4129CD00D13C69 /* LaunchScreen.storyboard in Resources */ = {isa = PBXBuildFile; fileRef = 316575B41C3F54FF0097EE32 /* LaunchScreen.storyboard */; };
		F80EDD451C4129CD00D13C69 /* Assets.xcassets in Resources */ = {isa = PBXBuildFile; fileRef = 316575B21C3F54FF0097EE32 /* Assets.xcassets */; };
		F80EDD461C4129CD00D13C69 /* Main.storyboard in Resources */ = {isa = PBXBuildFile; fileRef = 316575AF1C3F54FF0097EE32 /* Main.storyboard */; };
		F80EDD511C414AA500D13C69 /* OrderSpec.m in Sources */ = {isa = PBXBuildFile; fileRef = F80EDD501C414AA500D13C69 /* OrderSpec.m */; };
		F80EDD541C41590500D13C69 /* OrderNotification.m in Sources */ = {isa = PBXBuildFile; fileRef = F80EDD531C41590500D13C69 /* OrderNotification.m */; };
		F80EDD551C41590500D13C69 /* OrderNotification.m in Sources */ = {isa = PBXBuildFile; fileRef = F80EDD531C41590500D13C69 /* OrderNotification.m */; };
		F80EDD5A1C415AC100D13C69 /* OrderNotificationSpec.m in Sources */ = {isa = PBXBuildFile; fileRef = F80EDD591C415AC100D13C69 /* OrderNotificationSpec.m */; };
		F81E01ED1C41F42400E23B2B /* DiscoveryService.m in Sources */ = {isa = PBXBuildFile; fileRef = F81E01EC1C41F42400E23B2B /* DiscoveryService.m */; };
		F81E01EE1C41F42400E23B2B /* DiscoveryService.m in Sources */ = {isa = PBXBuildFile; fileRef = F81E01EC1C41F42400E23B2B /* DiscoveryService.m */; };
		F81E01F21C42249C00E23B2B /* PublishService.m in Sources */ = {isa = PBXBuildFile; fileRef = F81E01F11C42249C00E23B2B /* PublishService.m */; };
		F81E01F31C42249C00E23B2B /* PublishService.m in Sources */ = {isa = PBXBuildFile; fileRef = F81E01F11C42249C00E23B2B /* PublishService.m */; };
		F89EAF391C425E5A0000AF57 /* MasterInstance.m in Sources */ = {isa = PBXBuildFile; fileRef = F89EAF381C425E5A0000AF57 /* MasterInstance.m */; };
		F89EAF3A1C425E5A0000AF57 /* MasterInstance.m in Sources */ = {isa = PBXBuildFile; fileRef = F89EAF381C425E5A0000AF57 /* MasterInstance.m */; };
		F89EAF3D1C425E660000AF57 /* SlaveInstance.m in Sources */ = {isa = PBXBuildFile; fileRef = F89EAF3C1C425E660000AF57 /* SlaveInstance.m */; };
		F89EAF3E1C425E660000AF57 /* SlaveInstance.m in Sources */ = {isa = PBXBuildFile; fileRef = F89EAF3C1C425E660000AF57 /* SlaveInstance.m */; };
		F89EAF451C4290C30000AF57 /* OrderListTableViewController.m in Sources */ = {isa = PBXBuildFile; fileRef = F89EAF441C4290C30000AF57 /* OrderListTableViewController.m */; };
		F89EAF461C4290C30000AF57 /* OrderListTableViewController.m in Sources */ = {isa = PBXBuildFile; fileRef = F89EAF441C4290C30000AF57 /* OrderListTableViewController.m */; };
		F89EAF491C4292470000AF57 /* EditOrderViewController.m in Sources */ = {isa = PBXBuildFile; fileRef = F89EAF481C4292470000AF57 /* EditOrderViewController.m */; };
		F89EAF4A1C4292470000AF57 /* EditOrderViewController.m in Sources */ = {isa = PBXBuildFile; fileRef = F89EAF481C4292470000AF57 /* EditOrderViewController.m */; };
		F89EAF511C42AC900000AF57 /* OrderListTableViewCell.m in Sources */ = {isa = PBXBuildFile; fileRef = F89EAF501C42AC900000AF57 /* OrderListTableViewCell.m */; };
		F89EAF521C42AC900000AF57 /* OrderListTableViewCell.m in Sources */ = {isa = PBXBuildFile; fileRef = F89EAF501C42AC900000AF57 /* OrderListTableViewCell.m */; };
/* End PBXBuildFile section */

/* Begin PBXContainerItemProxy section */
		316575BD1C3F54FF0097EE32 /* PBXContainerItemProxy */ = {
			isa = PBXContainerItemProxy;
			containerPortal = 3165759B1C3F54FF0097EE32 /* Project object */;
			proxyType = 1;
			remoteGlobalIDString = 316575A21C3F54FF0097EE32;
			remoteInfo = StorePOS;
		};
		316575C81C3F54FF0097EE32 /* PBXContainerItemProxy */ = {
			isa = PBXContainerItemProxy;
			containerPortal = 3165759B1C3F54FF0097EE32 /* Project object */;
			proxyType = 1;
			remoteGlobalIDString = 316575A21C3F54FF0097EE32;
			remoteInfo = StorePOS;
		};
/* End PBXContainerItemProxy section */

/* Begin PBXFileReference section */
		22BAC57B9F1F9CF251A380B0 /* Pods-StorePOSTests.debug.xcconfig */ = {isa = PBXFileReference; includeInIndex = 1; lastKnownFileType = text.xcconfig; name = "Pods-StorePOSTests.debug.xcconfig"; path = "Pods/Target Support Files/Pods-StorePOSTests/Pods-StorePOSTests.debug.xcconfig"; sourceTree = "<group>"; };
		3159785A1C438CE20024D6B2 /* OrderTextField.h */ = {isa = PBXFileReference; fileEncoding = 4; lastKnownFileType = sourcecode.c.h; path = OrderTextField.h; sourceTree = "<group>"; };
		3159785B1C438CE20024D6B2 /* OrderTextField.m */ = {isa = PBXFileReference; fileEncoding = 4; lastKnownFileType = sourcecode.c.objc; path = OrderTextField.m; sourceTree = "<group>"; };
		316575A31C3F54FF0097EE32 /* StorePOS.app */ = {isa = PBXFileReference; explicitFileType = wrapper.application; includeInIndex = 0; path = StorePOS.app; sourceTree = BUILT_PRODUCTS_DIR; };
		316575A71C3F54FF0097EE32 /* main.m */ = {isa = PBXFileReference; lastKnownFileType = sourcecode.c.objc; path = main.m; sourceTree = "<group>"; };
		316575A91C3F54FF0097EE32 /* AppDelegate.h */ = {isa = PBXFileReference; lastKnownFileType = sourcecode.c.h; path = AppDelegate.h; sourceTree = "<group>"; };
		316575AA1C3F54FF0097EE32 /* AppDelegate.m */ = {isa = PBXFileReference; lastKnownFileType = sourcecode.c.objc; path = AppDelegate.m; sourceTree = "<group>"; };
		316575B01C3F54FF0097EE32 /* Base */ = {isa = PBXFileReference; lastKnownFileType = file.storyboard; name = Base; path = Base.lproj/Main.storyboard; sourceTree = "<group>"; };
		316575B21C3F54FF0097EE32 /* Assets.xcassets */ = {isa = PBXFileReference; lastKnownFileType = folder.assetcatalog; path = Assets.xcassets; sourceTree = "<group>"; };
		316575B51C3F54FF0097EE32 /* Base */ = {isa = PBXFileReference; lastKnownFileType = file.storyboard; name = Base; path = Base.lproj/LaunchScreen.storyboard; sourceTree = "<group>"; };
		316575B71C3F54FF0097EE32 /* Info.plist */ = {isa = PBXFileReference; lastKnownFileType = text.plist.xml; path = Info.plist; sourceTree = "<group>"; };
		316575BC1C3F54FF0097EE32 /* StorePOSTests.xctest */ = {isa = PBXFileReference; explicitFileType = wrapper.cfbundle; includeInIndex = 0; path = StorePOSTests.xctest; sourceTree = BUILT_PRODUCTS_DIR; };
		316575C21C3F54FF0097EE32 /* Info.plist */ = {isa = PBXFileReference; lastKnownFileType = text.plist.xml; path = Info.plist; sourceTree = "<group>"; };
		316575C71C3F54FF0097EE32 /* StorePOSUITests.xctest */ = {isa = PBXFileReference; explicitFileType = wrapper.cfbundle; includeInIndex = 0; path = StorePOSUITests.xctest; sourceTree = BUILT_PRODUCTS_DIR; };
		316575CB1C3F54FF0097EE32 /* StorePOSUITests.m */ = {isa = PBXFileReference; lastKnownFileType = sourcecode.c.objc; path = StorePOSUITests.m; sourceTree = "<group>"; };
		316575CD1C3F54FF0097EE32 /* Info.plist */ = {isa = PBXFileReference; lastKnownFileType = text.plist.xml; path = Info.plist; sourceTree = "<group>"; };
		316575DA1C3F5CAA0097EE32 /* Order.h */ = {isa = PBXFileReference; fileEncoding = 4; lastKnownFileType = sourcecode.c.h; path = Order.h; sourceTree = "<group>"; };
		316575DB1C3F5CAA0097EE32 /* Order.m */ = {isa = PBXFileReference; fileEncoding = 4; lastKnownFileType = sourcecode.c.objc; path = Order.m; sourceTree = "<group>"; };
		316575DF1C3F5E5F0097EE32 /* OrderService.h */ = {isa = PBXFileReference; fileEncoding = 4; lastKnownFileType = sourcecode.c.h; path = OrderService.h; sourceTree = "<group>"; };
		316575E01C3F5E5F0097EE32 /* OrderService.m */ = {isa = PBXFileReference; fileEncoding = 4; lastKnownFileType = sourcecode.c.objc; path = OrderService.m; sourceTree = "<group>"; };
		316575E21C3F62970097EE32 /* OrderServiceSpec.m */ = {isa = PBXFileReference; fileEncoding = 4; lastKnownFileType = sourcecode.c.objc; path = OrderServiceSpec.m; sourceTree = "<group>"; };
		316575E41C3FB2DC0097EE32 /* DBService.h */ = {isa = PBXFileReference; fileEncoding = 4; lastKnownFileType = sourcecode.c.h; path = DBService.h; sourceTree = "<group>"; };
		316575E51C3FB2DC0097EE32 /* DBService.m */ = {isa = PBXFileReference; fileEncoding = 4; lastKnownFileType = sourcecode.c.objc; path = DBService.m; sourceTree = "<group>"; };
		316575E71C3FB5280097EE32 /* OrderStore.h */ = {isa = PBXFileReference; fileEncoding = 4; lastKnownFileType = sourcecode.c.h; path = OrderStore.h; sourceTree = "<group>"; };
		316575E81C3FB5280097EE32 /* OrderStore.m */ = {isa = PBXFileReference; fileEncoding = 4; lastKnownFileType = sourcecode.c.objc; path = OrderStore.m; sourceTree = "<group>"; };
		316575EA1C3FB7B00097EE32 /* DBServiceSpec.m */ = {isa = PBXFileReference; fileEncoding = 4; lastKnownFileType = sourcecode.c.objc; path = DBServiceSpec.m; sourceTree = "<group>"; };
		797A355EB0C0DFE6D3F9D526 /* Pods_StorePOS.framework */ = {isa = PBXFileReference; explicitFileType = wrapper.framework; includeInIndex = 0; path = Pods_StorePOS.framework; sourceTree = BUILT_PRODUCTS_DIR; };
		7C6EF8975B3E83835904C185 /* Pods_StorePOSTests.framework */ = {isa = PBXFileReference; explicitFileType = wrapper.framework; includeInIndex = 0; path = Pods_StorePOSTests.framework; sourceTree = BUILT_PRODUCTS_DIR; };
		AB94D9EB493BEF2E42C40249 /* Pods-StorePOS.debug.xcconfig */ = {isa = PBXFileReference; includeInIndex = 1; lastKnownFileType = text.xcconfig; name = "Pods-StorePOS.debug.xcconfig"; path = "Pods/Target Support Files/Pods-StorePOS/Pods-StorePOS.debug.xcconfig"; sourceTree = "<group>"; };
		C4873DFE1A7D60C26C96C6FD /* Pods-StorePOS.release.xcconfig */ = {isa = PBXFileReference; includeInIndex = 1; lastKnownFileType = text.xcconfig; name = "Pods-StorePOS.release.xcconfig"; path = "Pods/Target Support Files/Pods-StorePOS/Pods-StorePOS.release.xcconfig"; sourceTree = "<group>"; };
		EFD801121A614DDBC381372F /* Pods-StorePOSTests.release.xcconfig */ = {isa = PBXFileReference; includeInIndex = 1; lastKnownFileType = text.xcconfig; name = "Pods-StorePOSTests.release.xcconfig"; path = "Pods/Target Support Files/Pods-StorePOSTests/Pods-StorePOSTests.release.xcconfig"; sourceTree = "<group>"; };
		F80EDD4C1C4129CD00D13C69 /* StorePOSMaster.app */ = {isa = PBXFileReference; explicitFileType = wrapper.application; includeInIndex = 0; path = StorePOSMaster.app; sourceTree = BUILT_PRODUCTS_DIR; };
		F80EDD4D1C4129CE00D13C69 /* StorePOSMasterInfo.plist */ = {isa = PBXFileReference; lastKnownFileType = text.plist.xml; name = StorePOSMasterInfo.plist; path = /Users/vampirewalk/develop/iOS/StorePOS/StorePOSMasterInfo.plist; sourceTree = "<absolute>"; };
		F80EDD501C414AA500D13C69 /* OrderSpec.m */ = {isa = PBXFileReference; fileEncoding = 4; lastKnownFileType = sourcecode.c.objc; path = OrderSpec.m; sourceTree = "<group>"; };
		F80EDD521C41590500D13C69 /* OrderNotification.h */ = {isa = PBXFileReference; fileEncoding = 4; lastKnownFileType = sourcecode.c.h; path = OrderNotification.h; sourceTree = "<group>"; };
		F80EDD531C41590500D13C69 /* OrderNotification.m */ = {isa = PBXFileReference; fileEncoding = 4; lastKnownFileType = sourcecode.c.objc; path = OrderNotification.m; sourceTree = "<group>"; };
		F80EDD591C415AC100D13C69 /* OrderNotificationSpec.m */ = {isa = PBXFileReference; fileEncoding = 4; lastKnownFileType = sourcecode.c.objc; path = OrderNotificationSpec.m; sourceTree = "<group>"; };
		F81E01EB1C41F42400E23B2B /* DiscoveryService.h */ = {isa = PBXFileReference; fileEncoding = 4; lastKnownFileType = sourcecode.c.h; path = DiscoveryService.h; sourceTree = "<group>"; };
		F81E01EC1C41F42400E23B2B /* DiscoveryService.m */ = {isa = PBXFileReference; fileEncoding = 4; lastKnownFileType = sourcecode.c.objc; path = DiscoveryService.m; sourceTree = "<group>"; };
		F81E01EF1C42206800E23B2B /* Constant.h */ = {isa = PBXFileReference; lastKnownFileType = sourcecode.c.h; path = Constant.h; sourceTree = "<group>"; };
		F81E01F01C42249C00E23B2B /* PublishService.h */ = {isa = PBXFileReference; fileEncoding = 4; lastKnownFileType = sourcecode.c.h; path = PublishService.h; sourceTree = "<group>"; };
		F81E01F11C42249C00E23B2B /* PublishService.m */ = {isa = PBXFileReference; fileEncoding = 4; lastKnownFileType = sourcecode.c.objc; path = PublishService.m; sourceTree = "<group>"; };
		F89EAF371C425E5A0000AF57 /* MasterInstance.h */ = {isa = PBXFileReference; fileEncoding = 4; lastKnownFileType = sourcecode.c.h; path = MasterInstance.h; sourceTree = "<group>"; };
		F89EAF381C425E5A0000AF57 /* MasterInstance.m */ = {isa = PBXFileReference; fileEncoding = 4; lastKnownFileType = sourcecode.c.objc; path = MasterInstance.m; sourceTree = "<group>"; };
		F89EAF3B1C425E660000AF57 /* SlaveInstance.h */ = {isa = PBXFileReference; fileEncoding = 4; lastKnownFileType = sourcecode.c.h; path = SlaveInstance.h; sourceTree = "<group>"; };
		F89EAF3C1C425E660000AF57 /* SlaveInstance.m */ = {isa = PBXFileReference; fileEncoding = 4; lastKnownFileType = sourcecode.c.objc; path = SlaveInstance.m; sourceTree = "<group>"; };
		F89EAF421C4262460000AF57 /* Instancing.h */ = {isa = PBXFileReference; fileEncoding = 4; lastKnownFileType = sourcecode.c.h; path = Instancing.h; sourceTree = "<group>"; };
		F89EAF431C4290C30000AF57 /* OrderListTableViewController.h */ = {isa = PBXFileReference; fileEncoding = 4; lastKnownFileType = sourcecode.c.h; path = OrderListTableViewController.h; sourceTree = "<group>"; };
		F89EAF441C4290C30000AF57 /* OrderListTableViewController.m */ = {isa = PBXFileReference; fileEncoding = 4; lastKnownFileType = sourcecode.c.objc; path = OrderListTableViewController.m; sourceTree = "<group>"; };
		F89EAF471C4292470000AF57 /* EditOrderViewController.h */ = {isa = PBXFileReference; fileEncoding = 4; lastKnownFileType = sourcecode.c.h; path = EditOrderViewController.h; sourceTree = "<group>"; };
		F89EAF481C4292470000AF57 /* EditOrderViewController.m */ = {isa = PBXFileReference; fileEncoding = 4; lastKnownFileType = sourcecode.c.objc; path = EditOrderViewController.m; sourceTree = "<group>"; };
		F89EAF4F1C42AC900000AF57 /* OrderListTableViewCell.h */ = {isa = PBXFileReference; fileEncoding = 4; lastKnownFileType = sourcecode.c.h; path = OrderListTableViewCell.h; sourceTree = "<group>"; };
		F89EAF501C42AC900000AF57 /* OrderListTableViewCell.m */ = {isa = PBXFileReference; fileEncoding = 4; lastKnownFileType = sourcecode.c.objc; path = OrderListTableViewCell.m; sourceTree = "<group>"; };
/* End PBXFileReference section */

/* Begin PBXFrameworksBuildPhase section */
		316575A01C3F54FF0097EE32 /* Frameworks */ = {
			isa = PBXFrameworksBuildPhase;
			buildActionMask = 2147483647;
			files = (
				2C305E753E9597998F121CCB /* Pods_StorePOS.framework in Frameworks */,
			);
			runOnlyForDeploymentPostprocessing = 0;
		};
		316575B91C3F54FF0097EE32 /* Frameworks */ = {
			isa = PBXFrameworksBuildPhase;
			buildActionMask = 2147483647;
			files = (
				9FA181801AA2DCBCF2F29BCB /* Pods_StorePOSTests.framework in Frameworks */,
			);
			runOnlyForDeploymentPostprocessing = 0;
		};
		316575C41C3F54FF0097EE32 /* Frameworks */ = {
			isa = PBXFrameworksBuildPhase;
			buildActionMask = 2147483647;
			files = (
			);
			runOnlyForDeploymentPostprocessing = 0;
		};
		F80EDD411C4129CD00D13C69 /* Frameworks */ = {
			isa = PBXFrameworksBuildPhase;
			buildActionMask = 2147483647;
			files = (
				F80EDD421C4129CD00D13C69 /* Pods_StorePOS.framework in Frameworks */,
			);
			runOnlyForDeploymentPostprocessing = 0;
		};
/* End PBXFrameworksBuildPhase section */

/* Begin PBXGroup section */
		3159785E1C43AA340024D6B2 /* OrderManagement */ = {
			isa = PBXGroup;
			children = (
				F89EAF431C4290C30000AF57 /* OrderListTableViewController.h */,
				F89EAF441C4290C30000AF57 /* OrderListTableViewController.m */,
				F89EAF471C4292470000AF57 /* EditOrderViewController.h */,
				F89EAF481C4292470000AF57 /* EditOrderViewController.m */,
				F89EAF4F1C42AC900000AF57 /* OrderListTableViewCell.h */,
				F89EAF501C42AC900000AF57 /* OrderListTableViewCell.m */,
			);
			name = OrderManagement;
			sourceTree = "<group>";
		};
		3159785F1C43AA4F0024D6B2 /* CustomUI */ = {
			isa = PBXGroup;
			children = (
				3159785A1C438CE20024D6B2 /* OrderTextField.h */,
				3159785B1C438CE20024D6B2 /* OrderTextField.m */,
			);
			name = CustomUI;
			sourceTree = "<group>";
		};
		3165759A1C3F54FF0097EE32 = {
			isa = PBXGroup;
			children = (
				316575A51C3F54FF0097EE32 /* StorePOS */,
				316575BF1C3F54FF0097EE32 /* StorePOSTests */,
				316575CA1C3F54FF0097EE32 /* StorePOSUITests */,
				316575A41C3F54FF0097EE32 /* Products */,
				728689B9BCD812560E2E9014 /* Pods */,
				79CA0E6DE50BB75518693A3B /* Frameworks */,
				F80EDD4D1C4129CE00D13C69 /* StorePOSMasterInfo.plist */,
			);
			sourceTree = "<group>";
		};
		316575A41C3F54FF0097EE32 /* Products */ = {
			isa = PBXGroup;
			children = (
				316575A31C3F54FF0097EE32 /* StorePOS.app */,
				316575BC1C3F54FF0097EE32 /* StorePOSTests.xctest */,
				316575C71C3F54FF0097EE32 /* StorePOSUITests.xctest */,
				F80EDD4C1C4129CD00D13C69 /* StorePOSMaster.app */,
			);
			name = Products;
			sourceTree = "<group>";
		};
		316575A51C3F54FF0097EE32 /* StorePOS */ = {
			isa = PBXGroup;
			children = (
				3159785F1C43AA4F0024D6B2 /* CustomUI */,
				3159785E1C43AA340024D6B2 /* OrderManagement */,
				316575DE1C3F5E520097EE32 /* Service */,
				316575D91C3F5C930097EE32 /* Model */,
				316575A91C3F54FF0097EE32 /* AppDelegate.h */,
				316575AA1C3F54FF0097EE32 /* AppDelegate.m */,
				316575AF1C3F54FF0097EE32 /* Main.storyboard */,
				316575B21C3F54FF0097EE32 /* Assets.xcassets */,
				316575B41C3F54FF0097EE32 /* LaunchScreen.storyboard */,
				316575B71C3F54FF0097EE32 /* Info.plist */,
				316575A61C3F54FF0097EE32 /* Supporting Files */,
				F81E01EF1C42206800E23B2B /* Constant.h */,
			);
			path = StorePOS;
			sourceTree = "<group>";
		};
		316575A61C3F54FF0097EE32 /* Supporting Files */ = {
			isa = PBXGroup;
			children = (
				316575A71C3F54FF0097EE32 /* main.m */,
			);
			name = "Supporting Files";
			sourceTree = "<group>";
		};
		316575BF1C3F54FF0097EE32 /* StorePOSTests */ = {
			isa = PBXGroup;
			children = (
				316575C21C3F54FF0097EE32 /* Info.plist */,
				316575E21C3F62970097EE32 /* OrderServiceSpec.m */,
				316575EA1C3FB7B00097EE32 /* DBServiceSpec.m */,
				F80EDD501C414AA500D13C69 /* OrderSpec.m */,
				F80EDD591C415AC100D13C69 /* OrderNotificationSpec.m */,
			);
			path = StorePOSTests;
			sourceTree = "<group>";
		};
		316575CA1C3F54FF0097EE32 /* StorePOSUITests */ = {
			isa = PBXGroup;
			children = (
				316575CB1C3F54FF0097EE32 /* StorePOSUITests.m */,
				316575CD1C3F54FF0097EE32 /* Info.plist */,
			);
			path = StorePOSUITests;
			sourceTree = "<group>";
		};
		316575D91C3F5C930097EE32 /* Model */ = {
			isa = PBXGroup;
			children = (
				316575DA1C3F5CAA0097EE32 /* Order.h */,
				316575DB1C3F5CAA0097EE32 /* Order.m */,
				316575E71C3FB5280097EE32 /* OrderStore.h */,
				316575E81C3FB5280097EE32 /* OrderStore.m */,
				F80EDD521C41590500D13C69 /* OrderNotification.h */,
				F80EDD531C41590500D13C69 /* OrderNotification.m */,
			);
			name = Model;
			sourceTree = "<group>";
		};
		316575DE1C3F5E520097EE32 /* Service */ = {
			isa = PBXGroup;
			children = (
				F89EAF411C4261430000AF57 /* Order */,
				F89EAF401C42612C0000AF57 /* Network */,
				F89EAF3F1C4261260000AF57 /* Persistent */,
			);
			name = Service;
			sourceTree = "<group>";
		};
		728689B9BCD812560E2E9014 /* Pods */ = {
			isa = PBXGroup;
			children = (
				AB94D9EB493BEF2E42C40249 /* Pods-StorePOS.debug.xcconfig */,
				C4873DFE1A7D60C26C96C6FD /* Pods-StorePOS.release.xcconfig */,
				22BAC57B9F1F9CF251A380B0 /* Pods-StorePOSTests.debug.xcconfig */,
				EFD801121A614DDBC381372F /* Pods-StorePOSTests.release.xcconfig */,
			);
			name = Pods;
			sourceTree = "<group>";
		};
		79CA0E6DE50BB75518693A3B /* Frameworks */ = {
			isa = PBXGroup;
			children = (
				797A355EB0C0DFE6D3F9D526 /* Pods_StorePOS.framework */,
				7C6EF8975B3E83835904C185 /* Pods_StorePOSTests.framework */,
			);
			name = Frameworks;
			sourceTree = "<group>";
		};
		F89EAF3F1C4261260000AF57 /* Persistent */ = {
			isa = PBXGroup;
			children = (
				316575E41C3FB2DC0097EE32 /* DBService.h */,
				316575E51C3FB2DC0097EE32 /* DBService.m */,
			);
			name = Persistent;
			sourceTree = "<group>";
		};
		F89EAF401C42612C0000AF57 /* Network */ = {
			isa = PBXGroup;
			children = (
				F81E01EB1C41F42400E23B2B /* DiscoveryService.h */,
				F81E01EC1C41F42400E23B2B /* DiscoveryService.m */,
				F81E01F01C42249C00E23B2B /* PublishService.h */,
				F81E01F11C42249C00E23B2B /* PublishService.m */,
				F89EAF371C425E5A0000AF57 /* MasterInstance.h */,
				F89EAF381C425E5A0000AF57 /* MasterInstance.m */,
				F89EAF3B1C425E660000AF57 /* SlaveInstance.h */,
				F89EAF3C1C425E660000AF57 /* SlaveInstance.m */,
				F89EAF421C4262460000AF57 /* Instancing.h */,
			);
			name = Network;
			sourceTree = "<group>";
		};
		F89EAF411C4261430000AF57 /* Order */ = {
			isa = PBXGroup;
			children = (
				316575DF1C3F5E5F0097EE32 /* OrderService.h */,
				316575E01C3F5E5F0097EE32 /* OrderService.m */,
			);
			name = Order;
			sourceTree = "<group>";
		};
/* End PBXGroup section */

/* Begin PBXNativeTarget section */
		316575A21C3F54FF0097EE32 /* StorePOS */ = {
			isa = PBXNativeTarget;
			buildConfigurationList = 316575D01C3F54FF0097EE32 /* Build configuration list for PBXNativeTarget "StorePOS" */;
			buildPhases = (
				F5437FC83CBE89D57294447D /* Check Pods Manifest.lock */,
				3165759F1C3F54FF0097EE32 /* Sources */,
				316575A01C3F54FF0097EE32 /* Frameworks */,
				316575A11C3F54FF0097EE32 /* Resources */,
				20DB196FA83EBF2A86EDC523 /* Embed Pods Frameworks */,
				4D7292463942E5BE66AC80B1 /* Copy Pods Resources */,
			);
			buildRules = (
			);
			dependencies = (
			);
			name = StorePOS;
			productName = StorePOS;
			productReference = 316575A31C3F54FF0097EE32 /* StorePOS.app */;
			productType = "com.apple.product-type.application";
		};
		316575BB1C3F54FF0097EE32 /* StorePOSTests */ = {
			isa = PBXNativeTarget;
			buildConfigurationList = 316575D31C3F54FF0097EE32 /* Build configuration list for PBXNativeTarget "StorePOSTests" */;
			buildPhases = (
				882B98FE1201403543C0DCAF /* Check Pods Manifest.lock */,
				316575B81C3F54FF0097EE32 /* Sources */,
				316575B91C3F54FF0097EE32 /* Frameworks */,
				316575BA1C3F54FF0097EE32 /* Resources */,
				6EBC8E77DA9476A89A35E6A6 /* Embed Pods Frameworks */,
				CE35A1F4F0E1A4B1427E0994 /* Copy Pods Resources */,
			);
			buildRules = (
			);
			dependencies = (
				316575BE1C3F54FF0097EE32 /* PBXTargetDependency */,
			);
			name = StorePOSTests;
			productName = StorePOSTests;
			productReference = 316575BC1C3F54FF0097EE32 /* StorePOSTests.xctest */;
			productType = "com.apple.product-type.bundle.unit-test";
		};
		316575C61C3F54FF0097EE32 /* StorePOSUITests */ = {
			isa = PBXNativeTarget;
			buildConfigurationList = 316575D61C3F54FF0097EE32 /* Build configuration list for PBXNativeTarget "StorePOSUITests" */;
			buildPhases = (
				316575C31C3F54FF0097EE32 /* Sources */,
				316575C41C3F54FF0097EE32 /* Frameworks */,
				316575C51C3F54FF0097EE32 /* Resources */,
			);
			buildRules = (
			);
			dependencies = (
				316575C91C3F54FF0097EE32 /* PBXTargetDependency */,
			);
			name = StorePOSUITests;
			productName = StorePOSUITests;
			productReference = 316575C71C3F54FF0097EE32 /* StorePOSUITests.xctest */;
			productType = "com.apple.product-type.bundle.ui-testing";
		};
		F80EDD361C4129CD00D13C69 /* StorePOSMaster */ = {
			isa = PBXNativeTarget;
			buildConfigurationList = F80EDD491C4129CD00D13C69 /* Build configuration list for PBXNativeTarget "StorePOSMaster" */;
			buildPhases = (
				F80EDD371C4129CD00D13C69 /* Check Pods Manifest.lock */,
				F80EDD381C4129CD00D13C69 /* Sources */,
				F80EDD411C4129CD00D13C69 /* Frameworks */,
				F80EDD431C4129CD00D13C69 /* Resources */,
				F80EDD471C4129CD00D13C69 /* Embed Pods Frameworks */,
				F80EDD481C4129CD00D13C69 /* Copy Pods Resources */,
			);
			buildRules = (
			);
			dependencies = (
			);
			name = StorePOSMaster;
			productName = StorePOS;
			productReference = F80EDD4C1C4129CD00D13C69 /* StorePOSMaster.app */;
			productType = "com.apple.product-type.application";
		};
/* End PBXNativeTarget section */

/* Begin PBXProject section */
		3165759B1C3F54FF0097EE32 /* Project object */ = {
			isa = PBXProject;
			attributes = {
				LastUpgradeCheck = 0720;
				ORGANIZATIONNAME = mocacube;
				TargetAttributes = {
					316575A21C3F54FF0097EE32 = {
						CreatedOnToolsVersion = 7.2;
						DevelopmentTeam = 6SCC83NNUX;
					};
					316575BB1C3F54FF0097EE32 = {
						CreatedOnToolsVersion = 7.2;
						TestTargetID = 316575A21C3F54FF0097EE32;
					};
					316575C61C3F54FF0097EE32 = {
						CreatedOnToolsVersion = 7.2;
						TestTargetID = 316575A21C3F54FF0097EE32;
					};
				};
			};
			buildConfigurationList = 3165759E1C3F54FF0097EE32 /* Build configuration list for PBXProject "StorePOS" */;
			compatibilityVersion = "Xcode 3.2";
			developmentRegion = English;
			hasScannedForEncodings = 0;
			knownRegions = (
				en,
				Base,
			);
			mainGroup = 3165759A1C3F54FF0097EE32;
			productRefGroup = 316575A41C3F54FF0097EE32 /* Products */;
			projectDirPath = "";
			projectRoot = "";
			targets = (
				316575A21C3F54FF0097EE32 /* StorePOS */,
				F80EDD361C4129CD00D13C69 /* StorePOSMaster */,
				316575BB1C3F54FF0097EE32 /* StorePOSTests */,
				316575C61C3F54FF0097EE32 /* StorePOSUITests */,
			);
		};
/* End PBXProject section */

/* Begin PBXResourcesBuildPhase section */
		316575A11C3F54FF0097EE32 /* Resources */ = {
			isa = PBXResourcesBuildPhase;
			buildActionMask = 2147483647;
			files = (
				316575B61C3F54FF0097EE32 /* LaunchScreen.storyboard in Resources */,
				316575B31C3F54FF0097EE32 /* Assets.xcassets in Resources */,
				316575B11C3F54FF0097EE32 /* Main.storyboard in Resources */,
			);
			runOnlyForDeploymentPostprocessing = 0;
		};
		316575BA1C3F54FF0097EE32 /* Resources */ = {
			isa = PBXResourcesBuildPhase;
			buildActionMask = 2147483647;
			files = (
			);
			runOnlyForDeploymentPostprocessing = 0;
		};
		316575C51C3F54FF0097EE32 /* Resources */ = {
			isa = PBXResourcesBuildPhase;
			buildActionMask = 2147483647;
			files = (
			);
			runOnlyForDeploymentPostprocessing = 0;
		};
		F80EDD431C4129CD00D13C69 /* Resources */ = {
			isa = PBXResourcesBuildPhase;
			buildActionMask = 2147483647;
			files = (
				F80EDD441C4129CD00D13C69 /* LaunchScreen.storyboard in Resources */,
				F80EDD451C4129CD00D13C69 /* Assets.xcassets in Resources */,
				F80EDD461C4129CD00D13C69 /* Main.storyboard in Resources */,
			);
			runOnlyForDeploymentPostprocessing = 0;
		};
/* End PBXResourcesBuildPhase section */

/* Begin PBXShellScriptBuildPhase section */
		20DB196FA83EBF2A86EDC523 /* Embed Pods Frameworks */ = {
			isa = PBXShellScriptBuildPhase;
			buildActionMask = 2147483647;
			files = (
			);
			inputPaths = (
			);
			name = "Embed Pods Frameworks";
			outputPaths = (
			);
			runOnlyForDeploymentPostprocessing = 0;
			shellPath = /bin/sh;
			shellScript = "\"${SRCROOT}/Pods/Target Support Files/Pods-StorePOS/Pods-StorePOS-frameworks.sh\"\n";
			showEnvVarsInLog = 0;
		};
		4D7292463942E5BE66AC80B1 /* Copy Pods Resources */ = {
			isa = PBXShellScriptBuildPhase;
			buildActionMask = 2147483647;
			files = (
			);
			inputPaths = (
			);
			name = "Copy Pods Resources";
			outputPaths = (
			);
			runOnlyForDeploymentPostprocessing = 0;
			shellPath = /bin/sh;
			shellScript = "\"${SRCROOT}/Pods/Target Support Files/Pods-StorePOS/Pods-StorePOS-resources.sh\"\n";
			showEnvVarsInLog = 0;
		};
		6EBC8E77DA9476A89A35E6A6 /* Embed Pods Frameworks */ = {
			isa = PBXShellScriptBuildPhase;
			buildActionMask = 2147483647;
			files = (
			);
			inputPaths = (
			);
			name = "Embed Pods Frameworks";
			outputPaths = (
			);
			runOnlyForDeploymentPostprocessing = 0;
			shellPath = /bin/sh;
			shellScript = "\"${SRCROOT}/Pods/Target Support Files/Pods-StorePOSTests/Pods-StorePOSTests-frameworks.sh\"\n";
			showEnvVarsInLog = 0;
		};
		882B98FE1201403543C0DCAF /* Check Pods Manifest.lock */ = {
			isa = PBXShellScriptBuildPhase;
			buildActionMask = 2147483647;
			files = (
			);
			inputPaths = (
			);
			name = "Check Pods Manifest.lock";
			outputPaths = (
			);
			runOnlyForDeploymentPostprocessing = 0;
			shellPath = /bin/sh;
			shellScript = "diff \"${PODS_ROOT}/../Podfile.lock\" \"${PODS_ROOT}/Manifest.lock\" > /dev/null\nif [[ $? != 0 ]] ; then\n    cat << EOM\nerror: The sandbox is not in sync with the Podfile.lock. Run 'pod install' or update your CocoaPods installation.\nEOM\n    exit 1\nfi\n";
			showEnvVarsInLog = 0;
		};
		CE35A1F4F0E1A4B1427E0994 /* Copy Pods Resources */ = {
			isa = PBXShellScriptBuildPhase;
			buildActionMask = 2147483647;
			files = (
			);
			inputPaths = (
			);
			name = "Copy Pods Resources";
			outputPaths = (
			);
			runOnlyForDeploymentPostprocessing = 0;
			shellPath = /bin/sh;
			shellScript = "\"${SRCROOT}/Pods/Target Support Files/Pods-StorePOSTests/Pods-StorePOSTests-resources.sh\"\n";
			showEnvVarsInLog = 0;
		};
		F5437FC83CBE89D57294447D /* Check Pods Manifest.lock */ = {
			isa = PBXShellScriptBuildPhase;
			buildActionMask = 2147483647;
			files = (
			);
			inputPaths = (
			);
			name = "Check Pods Manifest.lock";
			outputPaths = (
			);
			runOnlyForDeploymentPostprocessing = 0;
			shellPath = /bin/sh;
			shellScript = "diff \"${PODS_ROOT}/../Podfile.lock\" \"${PODS_ROOT}/Manifest.lock\" > /dev/null\nif [[ $? != 0 ]] ; then\n    cat << EOM\nerror: The sandbox is not in sync with the Podfile.lock. Run 'pod install' or update your CocoaPods installation.\nEOM\n    exit 1\nfi\n";
			showEnvVarsInLog = 0;
		};
		F80EDD371C4129CD00D13C69 /* Check Pods Manifest.lock */ = {
			isa = PBXShellScriptBuildPhase;
			buildActionMask = 2147483647;
			files = (
			);
			inputPaths = (
			);
			name = "Check Pods Manifest.lock";
			outputPaths = (
			);
			runOnlyForDeploymentPostprocessing = 0;
			shellPath = /bin/sh;
			shellScript = "diff \"${PODS_ROOT}/../Podfile.lock\" \"${PODS_ROOT}/Manifest.lock\" > /dev/null\nif [[ $? != 0 ]] ; then\n    cat << EOM\nerror: The sandbox is not in sync with the Podfile.lock. Run 'pod install' or update your CocoaPods installation.\nEOM\n    exit 1\nfi\n";
			showEnvVarsInLog = 0;
		};
		F80EDD471C4129CD00D13C69 /* Embed Pods Frameworks */ = {
			isa = PBXShellScriptBuildPhase;
			buildActionMask = 2147483647;
			files = (
			);
			inputPaths = (
			);
			name = "Embed Pods Frameworks";
			outputPaths = (
			);
			runOnlyForDeploymentPostprocessing = 0;
			shellPath = /bin/sh;
			shellScript = "\"${SRCROOT}/Pods/Target Support Files/Pods-StorePOS/Pods-StorePOS-frameworks.sh\"\n";
			showEnvVarsInLog = 0;
		};
		F80EDD481C4129CD00D13C69 /* Copy Pods Resources */ = {
			isa = PBXShellScriptBuildPhase;
			buildActionMask = 2147483647;
			files = (
			);
			inputPaths = (
			);
			name = "Copy Pods Resources";
			outputPaths = (
			);
			runOnlyForDeploymentPostprocessing = 0;
			shellPath = /bin/sh;
			shellScript = "\"${SRCROOT}/Pods/Target Support Files/Pods-StorePOS/Pods-StorePOS-resources.sh\"\n";
			showEnvVarsInLog = 0;
		};
/* End PBXShellScriptBuildPhase section */

/* Begin PBXSourcesBuildPhase section */
		3165759F1C3F54FF0097EE32 /* Sources */ = {
			isa = PBXSourcesBuildPhase;
			buildActionMask = 2147483647;
			files = (
				316575E61C3FB2DC0097EE32 /* DBService.m in Sources */,
				F81E01ED1C41F42400E23B2B /* DiscoveryService.m in Sources */,
				F80EDD541C41590500D13C69 /* OrderNotification.m in Sources */,
				F89EAF391C425E5A0000AF57 /* MasterInstance.m in Sources */,
				F89EAF511C42AC900000AF57 /* OrderListTableViewCell.m in Sources */,
				F89EAF491C4292470000AF57 /* EditOrderViewController.m in Sources */,
				3159785C1C438CE20024D6B2 /* OrderTextField.m in Sources */,
				F89EAF451C4290C30000AF57 /* OrderListTableViewController.m in Sources */,
				316575E11C3F5E5F0097EE32 /* OrderService.m in Sources */,
				316575E91C3FB5280097EE32 /* OrderStore.m in Sources */,
				316575AB1C3F54FF0097EE32 /* AppDelegate.m in Sources */,
				316575DC1C3F5CAA0097EE32 /* Order.m in Sources */,
				316575A81C3F54FF0097EE32 /* main.m in Sources */,
				F89EAF3D1C425E660000AF57 /* SlaveInstance.m in Sources */,
				F81E01F21C42249C00E23B2B /* PublishService.m in Sources */,
			);
			runOnlyForDeploymentPostprocessing = 0;
		};
		316575B81C3F54FF0097EE32 /* Sources */ = {
			isa = PBXSourcesBuildPhase;
			buildActionMask = 2147483647;
			files = (
				F80EDD5A1C415AC100D13C69 /* OrderNotificationSpec.m in Sources */,
				F80EDD511C414AA500D13C69 /* OrderSpec.m in Sources */,
				316575EB1C3FB7B00097EE32 /* DBServiceSpec.m in Sources */,
				316575E31C3F62970097EE32 /* OrderServiceSpec.m in Sources */,
			);
			runOnlyForDeploymentPostprocessing = 0;
		};
		316575C31C3F54FF0097EE32 /* Sources */ = {
			isa = PBXSourcesBuildPhase;
			buildActionMask = 2147483647;
			files = (
				316575CC1C3F54FF0097EE32 /* StorePOSUITests.m in Sources */,
			);
			runOnlyForDeploymentPostprocessing = 0;
		};
		F80EDD381C4129CD00D13C69 /* Sources */ = {
			isa = PBXSourcesBuildPhase;
			buildActionMask = 2147483647;
			files = (
				F80EDD3A1C4129CD00D13C69 /* DBService.m in Sources */,
				F81E01EE1C41F42400E23B2B /* DiscoveryService.m in Sources */,
				F80EDD551C41590500D13C69 /* OrderNotification.m in Sources */,
				F89EAF3A1C425E5A0000AF57 /* MasterInstance.m in Sources */,
				F89EAF521C42AC900000AF57 /* OrderListTableViewCell.m in Sources */,
				F89EAF4A1C4292470000AF57 /* EditOrderViewController.m in Sources */,
				3159785D1C438CE20024D6B2 /* OrderTextField.m in Sources */,
				F89EAF461C4290C30000AF57 /* OrderListTableViewController.m in Sources */,
				F80EDD3B1C4129CD00D13C69 /* OrderService.m in Sources */,
				F80EDD3C1C4129CD00D13C69 /* OrderStore.m in Sources */,
				F80EDD3D1C4129CD00D13C69 /* AppDelegate.m in Sources */,
				F80EDD3E1C4129CD00D13C69 /* Order.m in Sources */,
				F80EDD401C4129CD00D13C69 /* main.m in Sources */,
				F89EAF3E1C425E660000AF57 /* SlaveInstance.m in Sources */,
				F81E01F31C42249C00E23B2B /* PublishService.m in Sources */,
			);
			runOnlyForDeploymentPostprocessing = 0;
		};
/* End PBXSourcesBuildPhase section */

/* Begin PBXTargetDependency section */
		316575BE1C3F54FF0097EE32 /* PBXTargetDependency */ = {
			isa = PBXTargetDependency;
			target = 316575A21C3F54FF0097EE32 /* StorePOS */;
			targetProxy = 316575BD1C3F54FF0097EE32 /* PBXContainerItemProxy */;
		};
		316575C91C3F54FF0097EE32 /* PBXTargetDependency */ = {
			isa = PBXTargetDependency;
			target = 316575A21C3F54FF0097EE32 /* StorePOS */;
			targetProxy = 316575C81C3F54FF0097EE32 /* PBXContainerItemProxy */;
		};
/* End PBXTargetDependency section */

/* Begin PBXVariantGroup section */
		316575AF1C3F54FF0097EE32 /* Main.storyboard */ = {
			isa = PBXVariantGroup;
			children = (
				316575B01C3F54FF0097EE32 /* Base */,
			);
			name = Main.storyboard;
			sourceTree = "<group>";
		};
		316575B41C3F54FF0097EE32 /* LaunchScreen.storyboard */ = {
			isa = PBXVariantGroup;
			children = (
				316575B51C3F54FF0097EE32 /* Base */,
			);
			name = LaunchScreen.storyboard;
			sourceTree = "<group>";
		};
/* End PBXVariantGroup section */

/* Begin XCBuildConfiguration section */
		316575CE1C3F54FF0097EE32 /* Debug */ = {
			isa = XCBuildConfiguration;
			buildSettings = {
				ALWAYS_SEARCH_USER_PATHS = NO;
				CLANG_CXX_LANGUAGE_STANDARD = "gnu++0x";
				CLANG_CXX_LIBRARY = "libc++";
				CLANG_ENABLE_MODULES = YES;
				CLANG_ENABLE_OBJC_ARC = YES;
				CLANG_WARN_BOOL_CONVERSION = YES;
				CLANG_WARN_CONSTANT_CONVERSION = YES;
				CLANG_WARN_DIRECT_OBJC_ISA_USAGE = YES_ERROR;
				CLANG_WARN_EMPTY_BODY = YES;
				CLANG_WARN_ENUM_CONVERSION = YES;
				CLANG_WARN_INT_CONVERSION = YES;
				CLANG_WARN_OBJC_ROOT_CLASS = YES_ERROR;
				CLANG_WARN_UNREACHABLE_CODE = YES;
				CLANG_WARN__DUPLICATE_METHOD_MATCH = YES;
				"CODE_SIGN_IDENTITY[sdk=iphoneos*]" = "iPhone Developer";
				COPY_PHASE_STRIP = NO;
				DEBUG_INFORMATION_FORMAT = dwarf;
				ENABLE_STRICT_OBJC_MSGSEND = YES;
				ENABLE_TESTABILITY = YES;
				GCC_C_LANGUAGE_STANDARD = gnu99;
				GCC_DYNAMIC_NO_PIC = NO;
				GCC_NO_COMMON_BLOCKS = YES;
				GCC_OPTIMIZATION_LEVEL = 0;
				GCC_PREPROCESSOR_DEFINITIONS = (
					"DEBUG=1",
					"$(inherited)",
				);
				GCC_WARN_64_TO_32_BIT_CONVERSION = YES;
				GCC_WARN_ABOUT_RETURN_TYPE = YES_ERROR;
				GCC_WARN_UNDECLARED_SELECTOR = YES;
				GCC_WARN_UNINITIALIZED_AUTOS = YES_AGGRESSIVE;
				GCC_WARN_UNUSED_FUNCTION = YES;
				GCC_WARN_UNUSED_VARIABLE = YES;
				IPHONEOS_DEPLOYMENT_TARGET = 9.2;
				MTL_ENABLE_DEBUG_INFO = YES;
				ONLY_ACTIVE_ARCH = YES;
				SDKROOT = iphoneos;
				TARGETED_DEVICE_FAMILY = "1,2";
			};
			name = Debug;
		};
		316575CF1C3F54FF0097EE32 /* Release */ = {
			isa = XCBuildConfiguration;
			buildSettings = {
				ALWAYS_SEARCH_USER_PATHS = NO;
				CLANG_CXX_LANGUAGE_STANDARD = "gnu++0x";
				CLANG_CXX_LIBRARY = "libc++";
				CLANG_ENABLE_MODULES = YES;
				CLANG_ENABLE_OBJC_ARC = YES;
				CLANG_WARN_BOOL_CONVERSION = YES;
				CLANG_WARN_CONSTANT_CONVERSION = YES;
				CLANG_WARN_DIRECT_OBJC_ISA_USAGE = YES_ERROR;
				CLANG_WARN_EMPTY_BODY = YES;
				CLANG_WARN_ENUM_CONVERSION = YES;
				CLANG_WARN_INT_CONVERSION = YES;
				CLANG_WARN_OBJC_ROOT_CLASS = YES_ERROR;
				CLANG_WARN_UNREACHABLE_CODE = YES;
				CLANG_WARN__DUPLICATE_METHOD_MATCH = YES;
				"CODE_SIGN_IDENTITY[sdk=iphoneos*]" = "iPhone Developer";
				COPY_PHASE_STRIP = NO;
				DEBUG_INFORMATION_FORMAT = "dwarf-with-dsym";
				ENABLE_NS_ASSERTIONS = NO;
				ENABLE_STRICT_OBJC_MSGSEND = YES;
				GCC_C_LANGUAGE_STANDARD = gnu99;
				GCC_NO_COMMON_BLOCKS = YES;
				GCC_WARN_64_TO_32_BIT_CONVERSION = YES;
				GCC_WARN_ABOUT_RETURN_TYPE = YES_ERROR;
				GCC_WARN_UNDECLARED_SELECTOR = YES;
				GCC_WARN_UNINITIALIZED_AUTOS = YES_AGGRESSIVE;
				GCC_WARN_UNUSED_FUNCTION = YES;
				GCC_WARN_UNUSED_VARIABLE = YES;
				IPHONEOS_DEPLOYMENT_TARGET = 9.2;
				MTL_ENABLE_DEBUG_INFO = NO;
				SDKROOT = iphoneos;
				TARGETED_DEVICE_FAMILY = "1,2";
				VALIDATE_PRODUCT = YES;
			};
			name = Release;
		};
		316575D11C3F54FF0097EE32 /* Debug */ = {
			isa = XCBuildConfiguration;
			baseConfigurationReference = AB94D9EB493BEF2E42C40249 /* Pods-StorePOS.debug.xcconfig */;
			buildSettings = {
				ASSETCATALOG_COMPILER_APPICON_NAME = AppIcon;
				CODE_SIGN_IDENTITY = "iPhone Developer";
				INFOPLIST_FILE = StorePOS/Info.plist;
				IPHONEOS_DEPLOYMENT_TARGET = 8.0;
				LD_RUNPATH_SEARCH_PATHS = "$(inherited) @executable_path/Frameworks";
				PRODUCT_BUNDLE_IDENTIFIER = net.vampirewalk.StorePOS;
				PRODUCT_NAME = "$(TARGET_NAME)";
			};
			name = Debug;
		};
		316575D21C3F54FF0097EE32 /* Release */ = {
			isa = XCBuildConfiguration;
			baseConfigurationReference = C4873DFE1A7D60C26C96C6FD /* Pods-StorePOS.release.xcconfig */;
			buildSettings = {
				ASSETCATALOG_COMPILER_APPICON_NAME = AppIcon;
				CODE_SIGN_IDENTITY = "iPhone Developer";
				INFOPLIST_FILE = StorePOS/Info.plist;
				IPHONEOS_DEPLOYMENT_TARGET = 8.0;
				LD_RUNPATH_SEARCH_PATHS = "$(inherited) @executable_path/Frameworks";
				PRODUCT_BUNDLE_IDENTIFIER = net.vampirewalk.StorePOS;
				PRODUCT_NAME = "$(TARGET_NAME)";
			};
			name = Release;
		};
		316575D41C3F54FF0097EE32 /* Debug */ = {
			isa = XCBuildConfiguration;
			baseConfigurationReference = 22BAC57B9F1F9CF251A380B0 /* Pods-StorePOSTests.debug.xcconfig */;
			buildSettings = {
				BUNDLE_LOADER = "$(TEST_HOST)";
				INFOPLIST_FILE = StorePOSTests/Info.plist;
				LD_RUNPATH_SEARCH_PATHS = "$(inherited) @executable_path/Frameworks @loader_path/Frameworks";
				PRODUCT_BUNDLE_IDENTIFIER = tw.com.mocacube.StorePOSTests;
				PRODUCT_NAME = "$(TARGET_NAME)";
				TEST_HOST = "$(BUILT_PRODUCTS_DIR)/StorePOS.app/StorePOS";
			};
			name = Debug;
		};
		316575D51C3F54FF0097EE32 /* Release */ = {
			isa = XCBuildConfiguration;
			baseConfigurationReference = EFD801121A614DDBC381372F /* Pods-StorePOSTests.release.xcconfig */;
			buildSettings = {
				BUNDLE_LOADER = "$(TEST_HOST)";
				INFOPLIST_FILE = StorePOSTests/Info.plist;
				LD_RUNPATH_SEARCH_PATHS = "$(inherited) @executable_path/Frameworks @loader_path/Frameworks";
				PRODUCT_BUNDLE_IDENTIFIER = tw.com.mocacube.StorePOSTests;
				PRODUCT_NAME = "$(TARGET_NAME)";
				TEST_HOST = "$(BUILT_PRODUCTS_DIR)/StorePOS.app/StorePOS";
			};
			name = Release;
		};
		316575D71C3F54FF0097EE32 /* Debug */ = {
			isa = XCBuildConfiguration;
			buildSettings = {
				INFOPLIST_FILE = StorePOSUITests/Info.plist;
				LD_RUNPATH_SEARCH_PATHS = "$(inherited) @executable_path/Frameworks @loader_path/Frameworks";
				PRODUCT_BUNDLE_IDENTIFIER = tw.com.mocacube.StorePOSUITests;
				PRODUCT_NAME = "$(TARGET_NAME)";
				TEST_TARGET_NAME = StorePOS;
				USES_XCTRUNNER = YES;
			};
			name = Debug;
		};
		316575D81C3F54FF0097EE32 /* Release */ = {
			isa = XCBuildConfiguration;
			buildSettings = {
				INFOPLIST_FILE = StorePOSUITests/Info.plist;
				LD_RUNPATH_SEARCH_PATHS = "$(inherited) @executable_path/Frameworks @loader_path/Frameworks";
				PRODUCT_BUNDLE_IDENTIFIER = tw.com.mocacube.StorePOSUITests;
				PRODUCT_NAME = "$(TARGET_NAME)";
				TEST_TARGET_NAME = StorePOS;
				USES_XCTRUNNER = YES;
			};
			name = Release;
		};
		F80EDD4A1C4129CD00D13C69 /* Debug */ = {
			isa = XCBuildConfiguration;
			baseConfigurationReference = AB94D9EB493BEF2E42C40249 /* Pods-StorePOS.debug.xcconfig */;
			buildSettings = {
				ASSETCATALOG_COMPILER_APPICON_NAME = AppIcon;
				CODE_SIGN_IDENTITY = "iPhone Developer";
				GCC_PREPROCESSOR_DEFINITIONS = (
					"$(inherited)",
					"COCOAPODS=1",
					"MasterConfig=1",
				);
				INFOPLIST_FILE = StorePOSMasterInfo.plist;
				IPHONEOS_DEPLOYMENT_TARGET = 8.0;
				LD_RUNPATH_SEARCH_PATHS = "$(inherited) @executable_path/Frameworks";
				PRODUCT_BUNDLE_IDENTIFIER = net.vampirewalk.StorePOS;
				PRODUCT_NAME = "$(TARGET_NAME)";
			};
			name = Debug;
		};
		F80EDD4B1C4129CD00D13C69 /* Release */ = {
			isa = XCBuildConfiguration;
			baseConfigurationReference = C4873DFE1A7D60C26C96C6FD /* Pods-StorePOS.release.xcconfig */;
			buildSettings = {
				ASSETCATALOG_COMPILER_APPICON_NAME = AppIcon;
				CODE_SIGN_IDENTITY = "iPhone Developer";
				GCC_PREPROCESSOR_DEFINITIONS = (
					"$(inherited)",
					"COCOAPODS=1",
					"MasterConfig=1",
				);
				INFOPLIST_FILE = StorePOSMasterInfo.plist;
				IPHONEOS_DEPLOYMENT_TARGET = 8.0;
				LD_RUNPATH_SEARCH_PATHS = "$(inherited) @executable_path/Frameworks";
				PRODUCT_BUNDLE_IDENTIFIER = net.vampirewalk.StorePOS;
				PRODUCT_NAME = "$(TARGET_NAME)";
			};
			name = Release;
		};
/* End XCBuildConfiguration section */

/* Begin XCConfigurationList section */
		3165759E1C3F54FF0097EE32 /* Build configuration list for PBXProject "StorePOS" */ = {
			isa = XCConfigurationList;
			buildConfigurations = (
				316575CE1C3F54FF0097EE32 /* Debug */,
				316575CF1C3F54FF0097EE32 /* Release */,
			);
			defaultConfigurationIsVisible = 0;
			defaultConfigurationName = Release;
		};
		316575D01C3F54FF0097EE32 /* Build configuration list for PBXNativeTarget "StorePOS" */ = {
			isa = XCConfigurationList;
			buildConfigurations = (
				316575D11C3F54FF0097EE32 /* Debug */,
				316575D21C3F54FF0097EE32 /* Release */,
			);
			defaultConfigurationIsVisible = 0;
			defaultConfigurationName = Release;
		};
		316575D31C3F54FF0097EE32 /* Build configuration list for PBXNativeTarget "StorePOSTests" */ = {
			isa = XCConfigurationList;
			buildConfigurations = (
				316575D41C3F54FF0097EE32 /* Debug */,
				316575D51C3F54FF0097EE32 /* Release */,
			);
			defaultConfigurationIsVisible = 0;
			defaultConfigurationName = Release;
		};
		316575D61C3F54FF0097EE32 /* Build configuration list for PBXNativeTarget "StorePOSUITests" */ = {
			isa = XCConfigurationList;
			buildConfigurations = (
				316575D71C3F54FF0097EE32 /* Debug */,
				316575D81C3F54FF0097EE32 /* Release */,
			);
			defaultConfigurationIsVisible = 0;
			defaultConfigurationName = Release;
		};
		F80EDD491C4129CD00D13C69 /* Build configuration list for PBXNativeTarget "StorePOSMaster" */ = {
			isa = XCConfigurationList;
			buildConfigurations = (
				F80EDD4A1C4129CD00D13C69 /* Debug */,
				F80EDD4B1C4129CD00D13C69 /* Release */,
			);
			defaultConfigurationIsVisible = 0;
			defaultConfigurationName = Release;
		};
/* End XCConfigurationList section */
	};
	rootObject = 3165759B1C3F54FF0097EE32 /* Project object */;
}
